PODS:
  - TQICoordinator (1.1.0)
  - TQIExtract (1.1.0):
    - TQICoordinator
    - VFNetwork
  - VFNetwork (1.4.2)

DEPENDENCIES:
  - TQICoordinator (from `https://github.com/vafreitas/ios-mod-coordinator.git`)
  - TQIExtract (from `../`)
  - VFNetwork

SPEC REPOS:
  trunk:
    - VFNetwork

EXTERNAL SOURCES:
  TQICoordinator:
    :git: https://github.com/vafreitas/ios-mod-coordinator.git
  TQIExtract:
    :path: "../"

CHECKOUT OPTIONS:
  TQICoordinator:
    :commit: c821294082a55b57f7884be8d3a797be0d6db1b3
    :git: https://github.com/vafreitas/ios-mod-coordinator.git

SPEC CHECKSUMS:
  TQICoordinator: 43c342be3dc6732aea451ddcde9675de3bebe711
  TQIExtract: 666a71230818b837cb08f7cdca893f3cd7fa4ca6
  VFNetwork: 7b71c6a044beceabee82e6b5f56f4d2fcbc8552e

PODFILE CHECKSUM: 120891009f6d88d13a3535e4b5fe16823462b0bd

COCOAPODS: 1.11.2
